
Microsoft Visual Studio Solution File, Format Version 12.00
# Visual Studio Version 17
VisualStudioVersion = 17.13.35825.156
MinimumVisualStudioVersion = 10.0.40219.1
Project("{FAE04EC0-301F-11D3-BF4B-00C04F79EFBC}") = "Atlas.Server", "src\Atlas.Server\Atlas.Server.csproj", "{A589E399-3150-8B60-D0FD-F051C69946A9}"
EndProject
Project("{FAE04EC0-301F-11D3-BF4B-00C04F79EFBC}") = "Atlas", "src\Atlas\Atlas.csproj", "{37A01696-9D59-62DC-33FE-80BD25AD9375}"
EndProject
Global
	GlobalSection(SolutionConfigurationPlatforms) = preSolution
		Debug|Any CPU = Debug|Any CPU
		Release|Any CPU = Release|Any CPU
	EndGlobalSection
	GlobalSection(ProjectConfigurationPlatforms) = postSolution
		{A589E399-3150-8B60-D0FD-F051C69946A9}.Debug|Any CPU.ActiveCfg = Debug|Any CPU
		{A589E399-3150-8B60-D0FD-F051C69946A9}.Debug|Any CPU.Build.0 = Debug|Any CPU
		{A589E399-3150-8B60-D0FD-F051C69946A9}.Release|Any CPU.ActiveCfg = Release|Any CPU
		{A589E399-3150-8B60-D0FD-F051C69946A9}.Release|Any CPU.Build.0 = Release|Any CPU
		{37A01696-9D59-62DC-33FE-80BD25AD9375}.Debug|Any CPU.ActiveCfg = Debug|Any CPU
		{37A01696-9D59-62DC-33FE-80BD25AD9375}.Debug|Any CPU.Build.0 = Debug|Any CPU
		{37A01696-9D59-62DC-33FE-80BD25AD9375}.Release|Any CPU.ActiveCfg = Release|Any CPU
		{37A01696-9D59-62DC-33FE-80BD25AD9375}.Release|Any CPU.Build.0 = Release|Any CPU
	EndGlobalSection
	GlobalSection(SolutionProperties) = preSolution
		HideSolutionNode = FALSE
	EndGlobalSection
	GlobalSection(ExtensibilityGlobals) = postSolution
		SolutionGuid = {302CAADC-CDF5-4BF4-8415-0687933AA173}
	EndGlobalSection
EndGlobal
